
Microsoft Visual Studio Solution File, Format Version 12.00
# Visual Studio 15
VisualStudioVersion = 15.0.26730.10
MinimumVisualStudioVersion = 10.0.40219.1
Project("{FAE04EC0-301F-11D3-BF4B-00C04F79EFBC}") = "UserGroupsProject", "UserGroupsProject\UserGroupsProject.csproj", "{696A055A-C513-4169-BCA7-F510D9D1032A}"
EndProject
Project("{FAE04EC0-301F-11D3-BF4B-00C04F79EFBC}") = "UGUnitTests", "UGUnitTests\UGUnitTests.csproj", "{74BB4739-53A9-41F6-9DB1-5E4717242180}"
EndProject
Global
	GlobalSection(SolutionConfigurationPlatforms) = preSolution
		Debug|Any CPU = Debug|Any CPU
		Release|Any CPU = Release|Any CPU
	EndGlobalSection
	GlobalSection(ProjectConfigurationPlatforms) = postSolution
		{696A055A-C513-4169-BCA7-F510D9D1032A}.Debug|Any CPU.ActiveCfg = Debug|Any CPU
		{696A055A-C513-4169-BCA7-F510D9D1032A}.Debug|Any CPU.Build.0 = Debug|Any CPU
		{696A055A-C513-4169-BCA7-F510D9D1032A}.Release|Any CPU.ActiveCfg = Release|Any CPU
		{696A055A-C513-4169-BCA7-F510D9D1032A}.Release|Any CPU.Build.0 = Release|Any CPU
		{74BB4739-53A9-41F6-9DB1-5E4717242180}.Debug|Any CPU.ActiveCfg = Debug|Any CPU
		{74BB4739-53A9-41F6-9DB1-5E4717242180}.Debug|Any CPU.Build.0 = Debug|Any CPU
		{74BB4739-53A9-41F6-9DB1-5E4717242180}.Release|Any CPU.ActiveCfg = Release|Any CPU
		{74BB4739-53A9-41F6-9DB1-5E4717242180}.Release|Any CPU.Build.0 = Release|Any CPU
	EndGlobalSection
	GlobalSection(SolutionProperties) = preSolution
		HideSolutionNode = FALSE
	EndGlobalSection
	GlobalSection(ExtensibilityGlobals) = postSolution
		SolutionGuid = {782F14E6-DFF8-46D6-8DD7-18C31467F269}
	EndGlobalSection
EndGlobal
